
Microsoft Visual Studio Solution File, Format Version 12.00
# Visual Studio Version 17
VisualStudioVersion = 17.4.33103.184
MinimumVisualStudioVersion = 10.0.40219.1
Project("{FAE04EC0-301F-11D3-BF4B-00C04F79EFBC}") = "Практическая 23", "Практическая 23\Практическая 23.csproj", "{452F1437-E69E-4B0B-90B7-0EA0439E5E53}"
EndProject
Global
	GlobalSection(SolutionConfigurationPlatforms) = preSolution
		Debug|Any CPU = Debug|Any CPU
		Release|Any CPU = Release|Any CPU
	EndGlobalSection
	GlobalSection(ProjectConfigurationPlatforms) = postSolution
		{452F1437-E69E-4B0B-90B7-0EA0439E5E53}.Debug|Any CPU.ActiveCfg = Debug|Any CPU
		{452F1437-E69E-4B0B-90B7-0EA0439E5E53}.Debug|Any CPU.Build.0 = Debug|Any CPU
		{452F1437-E69E-4B0B-90B7-0EA0439E5E53}.Release|Any CPU.ActiveCfg = Release|Any CPU
		{452F1437-E69E-4B0B-90B7-0EA0439E5E53}.Release|Any CPU.Build.0 = Release|Any CPU
	EndGlobalSection
	GlobalSection(SolutionProperties) = preSolution
		HideSolutionNode = FALSE
	EndGlobalSection
	GlobalSection(ExtensibilityGlobals) = postSolution
		SolutionGuid = {05CFB66F-F7C8-4369-8E83-BDA9ACEB69E9}
	EndGlobalSection
EndGlobal
